
Microsoft Visual Studio Solution File, Format Version 12.00
Project("{FAE04EC0-301F-11D3-BF4B-00C04F79EFBC}") = "Blackjack", "Blackjack\Blackjack.csproj", "{CAC45F9F-E3DE-43AB-A7CE-DADAF76D3263}"
EndProject
Project("{FAE04EC0-301F-11D3-BF4B-00C04F79EFBC}") = "V1", "V1\V1.csproj", "{483839D1-EFBD-462A-9936-67D99BB2E2F3}"
EndProject
Project("{FAE04EC0-301F-11D3-BF4B-00C04F79EFBC}") = "V2", "V2\V2.csproj", "{633D190F-FE45-43C5-AE3E-80D75D6A236D}"
EndProject
Global
	GlobalSection(SolutionConfigurationPlatforms) = preSolution
		Debug|Any CPU = Debug|Any CPU
		Release|Any CPU = Release|Any CPU
	EndGlobalSection
	GlobalSection(ProjectConfigurationPlatforms) = postSolution
		{CAC45F9F-E3DE-43AB-A7CE-DADAF76D3263}.Debug|Any CPU.ActiveCfg = Debug|Any CPU
		{CAC45F9F-E3DE-43AB-A7CE-DADAF76D3263}.Debug|Any CPU.Build.0 = Debug|Any CPU
		{CAC45F9F-E3DE-43AB-A7CE-DADAF76D3263}.Release|Any CPU.ActiveCfg = Release|Any CPU
		{CAC45F9F-E3DE-43AB-A7CE-DADAF76D3263}.Release|Any CPU.Build.0 = Release|Any CPU
		{483839D1-EFBD-462A-9936-67D99BB2E2F3}.Debug|Any CPU.ActiveCfg = Debug|Any CPU
		{483839D1-EFBD-462A-9936-67D99BB2E2F3}.Debug|Any CPU.Build.0 = Debug|Any CPU
		{483839D1-EFBD-462A-9936-67D99BB2E2F3}.Release|Any CPU.ActiveCfg = Release|Any CPU
		{483839D1-EFBD-462A-9936-67D99BB2E2F3}.Release|Any CPU.Build.0 = Release|Any CPU
		{633D190F-FE45-43C5-AE3E-80D75D6A236D}.Debug|Any CPU.ActiveCfg = Debug|Any CPU
		{633D190F-FE45-43C5-AE3E-80D75D6A236D}.Debug|Any CPU.Build.0 = Debug|Any CPU
		{633D190F-FE45-43C5-AE3E-80D75D6A236D}.Release|Any CPU.ActiveCfg = Release|Any CPU
		{633D190F-FE45-43C5-AE3E-80D75D6A236D}.Release|Any CPU.Build.0 = Release|Any CPU
	EndGlobalSection
EndGlobal
